// !$*UTF8*$!
{
	archiveVersion = 1;
	classes = {
	};
	objectVersion = 77;
	objects = {

/* Begin PBXBuildFile section */
		1E5E4AD82CA8D79F0082DEFB /* Assets.xcassets in Resources */ = {isa = PBXBuildFile; fileRef = 1E5E4ACF2CA8D79F0082DEFB /* Assets.xcassets */; };
		1E5E4AD92CA8D79F0082DEFB /* AddNewCanvasView.swift in Sources */ = {isa = PBXBuildFile; fileRef = 1E5E4ACE2CA8D79F0082DEFB /* AddNewCanvasView.swift */; };
		1E5E4ADA2CA8D79F0082DEFB /* ContentView.swift in Sources */ = {isa = PBXBuildFile; fileRef = 1E5E4AD02CA8D79F0082DEFB /* ContentView.swift */; };
		1E5E4ADB2CA8D79F0082DEFB /* DrawingCanvasViewContoller.swift in Sources */ = {isa = PBXBuildFile; fileRef = 1E5E4AD12CA8D79F0082DEFB /* DrawingCanvasViewContoller.swift */; };
		1E5E4ADC2CA8D79F0082DEFB /* PersistenceController.swift in Sources */ = {isa = PBXBuildFile; fileRef = 1E5E4AD22CA8D79F0082DEFB /* PersistenceController.swift */; };
		1E5E4ADD2CA8D79F0082DEFB /* Simple_Pencilkit.xcdatamodeld in Sources */ = {isa = PBXBuildFile; fileRef = 1E5E4AD32CA8D79F0082DEFB /* Simple_Pencilkit.xcdatamodeld */; };
		1E5E4ADE2CA8D79F0082DEFB /* SimplePencilkitApp.swift in Sources */ = {isa = PBXBuildFile; fileRef = 1E5E4AD42CA8D79F0082DEFB /* SimplePencilkitApp.swift */; };
		1E5E4AE12CA8D7E60082DEFB /* DrawingCanvasView.swift in Sources */ = {isa = PBXBuildFile; fileRef = 1E5E4AE02CA8D7E60082DEFB /* DrawingCanvasView.swift */; };
		1E5E4AE32CA8E4EE0082DEFB /* DrawingView.swift in Sources */ = {isa = PBXBuildFile; fileRef = 1E5E4AE22CA8E4EE0082DEFB /* DrawingView.swift */; };
/* End PBXBuildFile section */

/* Begin PBXContainerItemProxy section */
		1E5E4A942CA7A55A0082DEFB /* PBXContainerItemProxy */ = {
			isa = PBXContainerItemProxy;
			containerPortal = 1E5E4A7B2CA7A5580082DEFB /* Project object */;
			proxyType = 1;
			remoteGlobalIDString = 1E5E4A822CA7A5580082DEFB;
			remoteInfo = SimplePencilkit;
		};
		1E5E4A9E2CA7A55A0082DEFB /* PBXContainerItemProxy */ = {
			isa = PBXContainerItemProxy;
			containerPortal = 1E5E4A7B2CA7A5580082DEFB /* Project object */;
			proxyType = 1;
			remoteGlobalIDString = 1E5E4A822CA7A5580082DEFB;
			remoteInfo = SimplePencilkit;
		};
/* End PBXContainerItemProxy section */

/* Begin PBXFileReference section */
		1E5E4A832CA7A5580082DEFB /* SimplePencilkit.app */ = {isa = PBXFileReference; explicitFileType = wrapper.application; includeInIndex = 0; path = SimplePencilkit.app; sourceTree = BUILT_PRODUCTS_DIR; };
		1E5E4A932CA7A55A0082DEFB /* SimplePencilkitTests.xctest */ = {isa = PBXFileReference; explicitFileType = wrapper.cfbundle; includeInIndex = 0; path = SimplePencilkitTests.xctest; sourceTree = BUILT_PRODUCTS_DIR; };
		1E5E4A9D2CA7A55A0082DEFB /* SimplePencilkitUITests.xctest */ = {isa = PBXFileReference; explicitFileType = wrapper.cfbundle; includeInIndex = 0; path = SimplePencilkitUITests.xctest; sourceTree = BUILT_PRODUCTS_DIR; };
		1E5E4ACE2CA8D79F0082DEFB /* AddNewCanvasView.swift */ = {isa = PBXFileReference; lastKnownFileType = sourcecode.swift; path = AddNewCanvasView.swift; sourceTree = "<group>"; };
		1E5E4ACF2CA8D79F0082DEFB /* Assets.xcassets */ = {isa = PBXFileReference; lastKnownFileType = folder.assetcatalog; path = Assets.xcassets; sourceTree = "<group>"; };
		1E5E4AD02CA8D79F0082DEFB /* ContentView.swift */ = {isa = PBXFileReference; lastKnownFileType = sourcecode.swift; path = ContentView.swift; sourceTree = "<group>"; };
		1E5E4AD12CA8D79F0082DEFB /* DrawingCanvasViewContoller.swift */ = {isa = PBXFileReference; lastKnownFileType = sourcecode.swift; path = DrawingCanvasViewContoller.swift; sourceTree = "<group>"; };
		1E5E4AD22CA8D79F0082DEFB /* PersistenceController.swift */ = {isa = PBXFileReference; lastKnownFileType = sourcecode.swift; path = PersistenceController.swift; sourceTree = "<group>"; };
		1E5E4AD42CA8D79F0082DEFB /* SimplePencilkitApp.swift */ = {isa = PBXFileReference; lastKnownFileType = sourcecode.swift; path = SimplePencilkitApp.swift; sourceTree = "<group>"; };
		1E5E4AD62CA8D79F0082DEFB /* Simple_Pencilkit.xcdatamodel */ = {isa = PBXFileReference; lastKnownFileType = wrapper.xcdatamodel; path = Simple_Pencilkit.xcdatamodel; sourceTree = "<group>"; };
		1E5E4AD72CA8D79F0082DEFB /* Simple_Pencilkit 2.xcdatamodel */ = {isa = PBXFileReference; lastKnownFileType = wrapper.xcdatamodel; path = "Simple_Pencilkit 2.xcdatamodel"; sourceTree = "<group>"; };
		1E5E4AE02CA8D7E60082DEFB /* DrawingCanvasView.swift */ = {isa = PBXFileReference; lastKnownFileType = sourcecode.swift; path = DrawingCanvasView.swift; sourceTree = "<group>"; };
		1E5E4AE22CA8E4EE0082DEFB /* DrawingView.swift */ = {isa = PBXFileReference; lastKnownFileType = sourcecode.swift; path = DrawingView.swift; sourceTree = "<group>"; };
/* End PBXFileReference section */

/* Begin PBXFileSystemSynchronizedRootGroup section */
		1E5E4A962CA7A55A0082DEFB /* SimplePencilkitTests */ = {
			isa = PBXFileSystemSynchronizedRootGroup;
			path = SimplePencilkitTests;
			sourceTree = "<group>";
		};
		1E5E4AA02CA7A55A0082DEFB /* SimplePencilkitUITests */ = {
			isa = PBXFileSystemSynchronizedRootGroup;
			path = SimplePencilkitUITests;
			sourceTree = "<group>";
		};
/* End PBXFileSystemSynchronizedRootGroup section */

/* Begin PBXFrameworksBuildPhase section */
		1E5E4A802CA7A5580082DEFB /* Frameworks */ = {
			isa = PBXFrameworksBuildPhase;
			buildActionMask = 2147483647;
			files = (
			);
			runOnlyForDeploymentPostprocessing = 0;
		};
		1E5E4A902CA7A55A0082DEFB /* Frameworks */ = {
			isa = PBXFrameworksBuildPhase;
			buildActionMask = 2147483647;
			files = (
			);
			runOnlyForDeploymentPostprocessing = 0;
		};
		1E5E4A9A2CA7A55A0082DEFB /* Frameworks */ = {
			isa = PBXFrameworksBuildPhase;
			buildActionMask = 2147483647;
			files = (
			);
			runOnlyForDeploymentPostprocessing = 0;
		};
/* End PBXFrameworksBuildPhase section */

/* Begin PBXGroup section */
		1E5E4A7A2CA7A5580082DEFB = {
			isa = PBXGroup;
			children = (
				1E5E4AD52CA8D79F0082DEFB /* SimplePencilkit */,
				1E5E4A962CA7A55A0082DEFB /* SimplePencilkitTests */,
				1E5E4AA02CA7A55A0082DEFB /* SimplePencilkitUITests */,
				1E5E4A842CA7A5580082DEFB /* Products */,
			);
			sourceTree = "<group>";
		};
		1E5E4A842CA7A5580082DEFB /* Products */ = {
			isa = PBXGroup;
			children = (
				1E5E4A832CA7A5580082DEFB /* SimplePencilkit.app */,
				1E5E4A932CA7A55A0082DEFB /* SimplePencilkitTests.xctest */,
				1E5E4A9D2CA7A55A0082DEFB /* SimplePencilkitUITests.xctest */,
			);
			name = Products;
			sourceTree = "<group>";
		};
		1E5E4AD52CA8D79F0082DEFB /* SimplePencilkit */ = {
			isa = PBXGroup;
			children = (
				1E5E4AE52CA8EADD0082DEFB /* Resources */,
				1E5E4ADF2CA8D7A90082DEFB /* Canvas */,
				1E5E4AD32CA8D79F0082DEFB /* Simple_Pencilkit.xcdatamodeld */,
				1E5E4AD02CA8D79F0082DEFB /* ContentView.swift */,
				1E5E4AD22CA8D79F0082DEFB /* PersistenceController.swift */,
				1E5E4AD42CA8D79F0082DEFB /* SimplePencilkitApp.swift */,
			);
			path = SimplePencilkit;
			sourceTree = "<group>";
		};
		1E5E4ADF2CA8D7A90082DEFB /* Canvas */ = {
			isa = PBXGroup;
			children = (
				1E5E4AD12CA8D79F0082DEFB /* DrawingCanvasViewContoller.swift */,
				1E5E4ACE2CA8D79F0082DEFB /* AddNewCanvasView.swift */,
				1E5E4AE02CA8D7E60082DEFB /* DrawingCanvasView.swift */,
				1E5E4AE22CA8E4EE0082DEFB /* DrawingView.swift */,
			);
			path = Canvas;
			sourceTree = "<group>";
		};
		1E5E4AE42CA8EAD20082DEFB /* Preview Content */ = {
			isa = PBXGroup;
			children = (
			);
			path = "Preview Content";
			sourceTree = "<group>";
		};
		1E5E4AE52CA8EADD0082DEFB /* Resources */ = {
			isa = PBXGroup;
			children = (
				1E5E4AE42CA8EAD20082DEFB /* Preview Content */,
				1E5E4ACF2CA8D79F0082DEFB /* Assets.xcassets */,
			);
			path = Resources;
			sourceTree = "<group>";
		};
/* End PBXGroup section */

/* Begin PBXNativeTarget section */
		1E5E4A822CA7A5580082DEFB /* SimplePencilkit */ = {
			isa = PBXNativeTarget;
			buildConfigurationList = 1E5E4AA72CA7A55A0082DEFB /* Build configuration list for PBXNativeTarget "SimplePencilkit" */;
			buildPhases = (
				1E5E4A7F2CA7A5580082DEFB /* Sources */,
				1E5E4A802CA7A5580082DEFB /* Frameworks */,
				1E5E4A812CA7A5580082DEFB /* Resources */,
			);
			buildRules = (
			);
			dependencies = (
			);
			name = SimplePencilkit;
			packageProductDependencies = (
			);
			productName = SimplePencilkit;
			productReference = 1E5E4A832CA7A5580082DEFB /* SimplePencilkit.app */;
			productType = "com.apple.product-type.application";
		};
		1E5E4A922CA7A55A0082DEFB /* SimplePencilkitTests */ = {
			isa = PBXNativeTarget;
			buildConfigurationList = 1E5E4AAA2CA7A55A0082DEFB /* Build configuration list for PBXNativeTarget "SimplePencilkitTests" */;
			buildPhases = (
				1E5E4A8F2CA7A55A0082DEFB /* Sources */,
				1E5E4A902CA7A55A0082DEFB /* Frameworks */,
				1E5E4A912CA7A55A0082DEFB /* Resources */,
			);
			buildRules = (
			);
			dependencies = (
				1E5E4A952CA7A55A0082DEFB /* PBXTargetDependency */,
			);
			fileSystemSynchronizedGroups = (
				1E5E4A962CA7A55A0082DEFB /* SimplePencilkitTests */,
			);
			name = SimplePencilkitTests;
			packageProductDependencies = (
			);
			productName = SimplePencilkitTests;
			productReference = 1E5E4A932CA7A55A0082DEFB /* SimplePencilkitTests.xctest */;
			productType = "com.apple.product-type.bundle.unit-test";
		};
		1E5E4A9C2CA7A55A0082DEFB /* SimplePencilkitUITests */ = {
			isa = PBXNativeTarget;
			buildConfigurationList = 1E5E4AAD2CA7A55A0082DEFB /* Build configuration list for PBXNativeTarget "SimplePencilkitUITests" */;
			buildPhases = (
				1E5E4A992CA7A55A0082DEFB /* Sources */,
				1E5E4A9A2CA7A55A0082DEFB /* Frameworks */,
				1E5E4A9B2CA7A55A0082DEFB /* Resources */,
			);
			buildRules = (
			);
			dependencies = (
				1E5E4A9F2CA7A55A0082DEFB /* PBXTargetDependency */,
			);
			fileSystemSynchronizedGroups = (
				1E5E4AA02CA7A55A0082DEFB /* SimplePencilkitUITests */,
			);
			name = SimplePencilkitUITests;
			packageProductDependencies = (
			);
			productName = SimplePencilkitUITests;
			productReference = 1E5E4A9D2CA7A55A0082DEFB /* SimplePencilkitUITests.xctest */;
			productType = "com.apple.product-type.bundle.ui-testing";
		};
/* End PBXNativeTarget section */

/* Begin PBXProject section */
		1E5E4A7B2CA7A5580082DEFB /* Project object */ = {
			isa = PBXProject;
			attributes = {
				BuildIndependentTargetsInParallel = 1;
				LastSwiftUpdateCheck = 1600;
				LastUpgradeCheck = 1600;
				TargetAttributes = {
					1E5E4A822CA7A5580082DEFB = {
						CreatedOnToolsVersion = 16.0;
					};
					1E5E4A922CA7A55A0082DEFB = {
						CreatedOnToolsVersion = 16.0;
						TestTargetID = 1E5E4A822CA7A5580082DEFB;
					};
					1E5E4A9C2CA7A55A0082DEFB = {
						CreatedOnToolsVersion = 16.0;
						TestTargetID = 1E5E4A822CA7A5580082DEFB;
					};
				};
			};
			buildConfigurationList = 1E5E4A7E2CA7A5580082DEFB /* Build configuration list for PBXProject "SimplePencilkit" */;
			developmentRegion = en;
			hasScannedForEncodings = 0;
			knownRegions = (
				en,
				Base,
			);
			mainGroup = 1E5E4A7A2CA7A5580082DEFB;
			minimizedProjectReferenceProxies = 1;
			preferredProjectObjectVersion = 77;
			productRefGroup = 1E5E4A842CA7A5580082DEFB /* Products */;
			projectDirPath = "";
			projectRoot = "";
			targets = (
				1E5E4A822CA7A5580082DEFB /* SimplePencilkit */,
				1E5E4A922CA7A55A0082DEFB /* SimplePencilkitTests */,
				1E5E4A9C2CA7A55A0082DEFB /* SimplePencilkitUITests */,
			);
		};
/* End PBXProject section */

/* Begin PBXResourcesBuildPhase section */
		1E5E4A812CA7A5580082DEFB /* Resources */ = {
			isa = PBXResourcesBuildPhase;
			buildActionMask = 2147483647;
			files = (
				1E5E4AD82CA8D79F0082DEFB /* Assets.xcassets in Resources */,
			);
			runOnlyForDeploymentPostprocessing = 0;
		};
		1E5E4A912CA7A55A0082DEFB /* Resources */ = {
			isa = PBXResourcesBuildPhase;
			buildActionMask = 2147483647;
			files = (
			);
			runOnlyForDeploymentPostprocessing = 0;
		};
		1E5E4A9B2CA7A55A0082DEFB /* Resources */ = {
			isa = PBXResourcesBuildPhase;
			buildActionMask = 2147483647;
			files = (
			);
			runOnlyForDeploymentPostprocessing = 0;
		};
/* End PBXResourcesBuildPhase section */

/* Begin PBXSourcesBuildPhase section */
		1E5E4A7F2CA7A5580082DEFB /* Sources */ = {
			isa = PBXSourcesBuildPhase;
			buildActionMask = 2147483647;
			files = (
				1E5E4AD92CA8D79F0082DEFB /* AddNewCanvasView.swift in Sources */,
				1E5E4ADA2CA8D79F0082DEFB /* ContentView.swift in Sources */,
				1E5E4ADB2CA8D79F0082DEFB /* DrawingCanvasViewContoller.swift in Sources */,
				1E5E4AE32CA8E4EE0082DEFB /* DrawingView.swift in Sources */,
				1E5E4ADC2CA8D79F0082DEFB /* PersistenceController.swift in Sources */,
				1E5E4ADD2CA8D79F0082DEFB /* Simple_Pencilkit.xcdatamodeld in Sources */,
				1E5E4ADE2CA8D79F0082DEFB /* SimplePencilkitApp.swift in Sources */,
				1E5E4AE12CA8D7E60082DEFB /* DrawingCanvasView.swift in Sources */,
			);
			runOnlyForDeploymentPostprocessing = 0;
		};
		1E5E4A8F2CA7A55A0082DEFB /* Sources */ = {
			isa = PBXSourcesBuildPhase;
			buildActionMask = 2147483647;
			files = (
			);
			runOnlyForDeploymentPostprocessing = 0;
		};
		1E5E4A992CA7A55A0082DEFB /* Sources */ = {
			isa = PBXSourcesBuildPhase;
			buildActionMask = 2147483647;
			files = (
			);
			runOnlyForDeploymentPostprocessing = 0;
		};
/* End PBXSourcesBuildPhase section */

/* Begin PBXTargetDependency section */
		1E5E4A952CA7A55A0082DEFB /* PBXTargetDependency */ = {
			isa = PBXTargetDependency;
			target = 1E5E4A822CA7A5580082DEFB /* SimplePencilkit */;
			targetProxy = 1E5E4A942CA7A55A0082DEFB /* PBXContainerItemProxy */;
		};
		1E5E4A9F2CA7A55A0082DEFB /* PBXTargetDependency */ = {
			isa = PBXTargetDependency;
			target = 1E5E4A822CA7A5580082DEFB /* SimplePencilkit */;
			targetProxy = 1E5E4A9E2CA7A55A0082DEFB /* PBXContainerItemProxy */;
		};
/* End PBXTargetDependency section */

/* Begin XCBuildConfiguration section */
		1E5E4AA52CA7A55A0082DEFB /* Debug */ = {
			isa = XCBuildConfiguration;
			buildSettings = {
				ALWAYS_SEARCH_USER_PATHS = NO;
				ASSETCATALOG_COMPILER_GENERATE_SWIFT_ASSET_SYMBOL_EXTENSIONS = YES;
				CLANG_ANALYZER_NONNULL = YES;
				CLANG_ANALYZER_NUMBER_OBJECT_CONVERSION = YES_AGGRESSIVE;
				CLANG_CXX_LANGUAGE_STANDARD = "gnu++20";
				CLANG_ENABLE_MODULES = YES;
				CLANG_ENABLE_OBJC_ARC = YES;
				CLANG_ENABLE_OBJC_WEAK = YES;
				CLANG_WARN_BLOCK_CAPTURE_AUTORELEASING = YES;
				CLANG_WARN_BOOL_CONVERSION = YES;
				CLANG_WARN_COMMA = YES;
				CLANG_WARN_CONSTANT_CONVERSION = YES;
				CLANG_WARN_DEPRECATED_OBJC_IMPLEMENTATIONS = YES;
				CLANG_WARN_DIRECT_OBJC_ISA_USAGE = YES_ERROR;
				CLANG_WARN_DOCUMENTATION_COMMENTS = YES;
				CLANG_WARN_EMPTY_BODY = YES;
				CLANG_WARN_ENUM_CONVERSION = YES;
				CLANG_WARN_INFINITE_RECURSION = YES;
				CLANG_WARN_INT_CONVERSION = YES;
				CLANG_WARN_NON_LITERAL_NULL_CONVERSION = YES;
				CLANG_WARN_OBJC_IMPLICIT_RETAIN_SELF = YES;
				CLANG_WARN_OBJC_LITERAL_CONVERSION = YES;
				CLANG_WARN_OBJC_ROOT_CLASS = YES_ERROR;
				CLANG_WARN_QUOTED_INCLUDE_IN_FRAMEWORK_HEADER = YES;
				CLANG_WARN_RANGE_LOOP_ANALYSIS = YES;
				CLANG_WARN_STRICT_PROTOTYPES = YES;
				CLANG_WARN_SUSPICIOUS_MOVE = YES;
				CLANG_WARN_UNGUARDED_AVAILABILITY = YES_AGGRESSIVE;
				CLANG_WARN_UNREACHABLE_CODE = YES;
				CLANG_WARN__DUPLICATE_METHOD_MATCH = YES;
				COPY_PHASE_STRIP = NO;
				DEBUG_INFORMATION_FORMAT = dwarf;
				ENABLE_STRICT_OBJC_MSGSEND = YES;
				ENABLE_TESTABILITY = YES;
				ENABLE_USER_SCRIPT_SANDBOXING = YES;
				GCC_C_LANGUAGE_STANDARD = gnu17;
				GCC_DYNAMIC_NO_PIC = NO;
				GCC_NO_COMMON_BLOCKS = YES;
				GCC_OPTIMIZATION_LEVEL = 0;
				GCC_PREPROCESSOR_DEFINITIONS = (
					"DEBUG=1",
					"$(inherited)",
				);
				GCC_WARN_64_TO_32_BIT_CONVERSION = YES;
				GCC_WARN_ABOUT_RETURN_TYPE = YES_ERROR;
				GCC_WARN_UNDECLARED_SELECTOR = YES;
				GCC_WARN_UNINITIALIZED_AUTOS = YES_AGGRESSIVE;
				GCC_WARN_UNUSED_FUNCTION = YES;
				GCC_WARN_UNUSED_VARIABLE = YES;
				IPHONEOS_DEPLOYMENT_TARGET = 18.0;
				LOCALIZATION_PREFERS_STRING_CATALOGS = YES;
				MTL_ENABLE_DEBUG_INFO = INCLUDE_SOURCE;
				MTL_FAST_MATH = YES;
				ONLY_ACTIVE_ARCH = YES;
				SDKROOT = iphoneos;
				SWIFT_ACTIVE_COMPILATION_CONDITIONS = "DEBUG $(inherited)";
				SWIFT_OPTIMIZATION_LEVEL = "-Onone";
			};
			name = Debug;
		};
		1E5E4AA62CA7A55A0082DEFB /* Release */ = {
			isa = XCBuildConfiguration;
			buildSettings = {
				ALWAYS_SEARCH_USER_PATHS = NO;
				ASSETCATALOG_COMPILER_GENERATE_SWIFT_ASSET_SYMBOL_EXTENSIONS = YES;
				CLANG_ANALYZER_NONNULL = YES;
				CLANG_ANALYZER_NUMBER_OBJECT_CONVERSION = YES_AGGRESSIVE;
				CLANG_CXX_LANGUAGE_STANDARD = "gnu++20";
				CLANG_ENABLE_MODULES = YES;
				CLANG_ENABLE_OBJC_ARC = YES;
				CLANG_ENABLE_OBJC_WEAK = YES;
				CLANG_WARN_BLOCK_CAPTURE_AUTORELEASING = YES;
				CLANG_WARN_BOOL_CONVERSION = YES;
				CLANG_WARN_COMMA = YES;
				CLANG_WARN_CONSTANT_CONVERSION = YES;
				CLANG_WARN_DEPRECATED_OBJC_IMPLEMENTATIONS = YES;
				CLANG_WARN_DIRECT_OBJC_ISA_USAGE = YES_ERROR;
				CLANG_WARN_DOCUMENTATION_COMMENTS = YES;
				CLANG_WARN_EMPTY_BODY = YES;
				CLANG_WARN_ENUM_CONVERSION = YES;
				CLANG_WARN_INFINITE_RECURSION = YES;
				CLANG_WARN_INT_CONVERSION = YES;
				CLANG_WARN_NON_LITERAL_NULL_CONVERSION = YES;
				CLANG_WARN_OBJC_IMPLICIT_RETAIN_SELF = YES;
				CLANG_WARN_OBJC_LITERAL_CONVERSION = YES;
				CLANG_WARN_OBJC_ROOT_CLASS = YES_ERROR;
				CLANG_WARN_QUOTED_INCLUDE_IN_FRAMEWORK_HEADER = YES;
				CLANG_WARN_RANGE_LOOP_ANALYSIS = YES;
				CLANG_WARN_STRICT_PROTOTYPES = YES;
				CLANG_WARN_SUSPICIOUS_MOVE = YES;
				CLANG_WARN_UNGUARDED_AVAILABILITY = YES_AGGRESSIVE;
				CLANG_WARN_UNREACHABLE_CODE = YES;
				CLANG_WARN__DUPLICATE_METHOD_MATCH = YES;
				COPY_PHASE_STRIP = NO;
				DEBUG_INFORMATION_FORMAT = "dwarf-with-dsym";
				ENABLE_NS_ASSERTIONS = NO;
				ENABLE_STRICT_OBJC_MSGSEND = YES;
				ENABLE_USER_SCRIPT_SANDBOXING = YES;
				GCC_C_LANGUAGE_STANDARD = gnu17;
				GCC_NO_COMMON_BLOCKS = YES;
				GCC_WARN_64_TO_32_BIT_CONVERSION = YES;
				GCC_WARN_ABOUT_RETURN_TYPE = YES_ERROR;
				GCC_WARN_UNDECLARED_SELECTOR = YES;
				GCC_WARN_UNINITIALIZED_AUTOS = YES_AGGRESSIVE;
				GCC_WARN_UNUSED_FUNCTION = YES;
				GCC_WARN_UNUSED_VARIABLE = YES;
				IPHONEOS_DEPLOYMENT_TARGET = 18.0;
				LOCALIZATION_PREFERS_STRING_CATALOGS = YES;
				MTL_ENABLE_DEBUG_INFO = NO;
				MTL_FAST_MATH = YES;
				SDKROOT = iphoneos;
				SWIFT_COMPILATION_MODE = wholemodule;
				VALIDATE_PRODUCT = YES;
			};
			name = Release;
		};
		1E5E4AA82CA7A55A0082DEFB /* Debug */ = {
			isa = XCBuildConfiguration;
			buildSettings = {
				ASSETCATALOG_COMPILER_APPICON_NAME = AppIcon;
				ASSETCATALOG_COMPILER_GLOBAL_ACCENT_COLOR_NAME = AccentColor;
				CODE_SIGN_STYLE = Automatic;
				CURRENT_PROJECT_VERSION = 1;
				DEVELOPMENT_ASSET_PATHS = "\"SimplePencilkit/Resources/Preview Content\"";
				DEVELOPMENT_TEAM = 6V58C7F8PY;
				ENABLE_PREVIEWS = YES;
				GENERATE_INFOPLIST_FILE = YES;
				INFOPLIST_KEY_UIApplicationSceneManifest_Generation = YES;
				INFOPLIST_KEY_UIApplicationSupportsIndirectInputEvents = YES;
				INFOPLIST_KEY_UILaunchScreen_Generation = YES;
				INFOPLIST_KEY_UISupportedInterfaceOrientations_iPad = "UIInterfaceOrientationPortrait UIInterfaceOrientationPortraitUpsideDown UIInterfaceOrientationLandscapeLeft UIInterfaceOrientationLandscapeRight";
				INFOPLIST_KEY_UISupportedInterfaceOrientations_iPhone = "UIInterfaceOrientationPortrait UIInterfaceOrientationLandscapeLeft UIInterfaceOrientationLandscapeRight";
				IPHONEOS_DEPLOYMENT_TARGET = 17.6;
				LD_RUNPATH_SEARCH_PATHS = (
					"$(inherited)",
					"@executable_path/Frameworks",
				);
				MARKETING_VERSION = 1.0;
				PRODUCT_BUNDLE_IDENTIFIER = jp.keri.SimplePencilkit;
				PRODUCT_NAME = "$(TARGET_NAME)";
				SWIFT_EMIT_LOC_STRINGS = YES;
				SWIFT_VERSION = 5.0;
				TARGETED_DEVICE_FAMILY = "1,2";
			};
			name = Debug;
		};
		1E5E4AA92CA7A55A0082DEFB /* Release */ = {
			isa = XCBuildConfiguration;
			buildSettings = {
				ASSETCATALOG_COMPILER_APPICON_NAME = AppIcon;
				ASSETCATALOG_COMPILER_GLOBAL_ACCENT_COLOR_NAME = AccentColor;
				CODE_SIGN_STYLE = Automatic;
				CURRENT_PROJECT_VERSION = 1;
				DEVELOPMENT_ASSET_PATHS = "\"SimplePencilkit/Resources/Preview Content\"";
				DEVELOPMENT_TEAM = 6V58C7F8PY;
				ENABLE_PREVIEWS = YES;
				GENERATE_INFOPLIST_FILE = YES;
				INFOPLIST_KEY_UIApplicationSceneManifest_Generation = YES;
				INFOPLIST_KEY_UIApplicationSupportsIndirectInputEvents = YES;
				INFOPLIST_KEY_UILaunchScreen_Generation = YES;
				INFOPLIST_KEY_UISupportedInterfaceOrientations_iPad = "UIInterfaceOrientationPortrait UIInterfaceOrientationPortraitUpsideDown UIInterfaceOrientationLandscapeLeft UIInterfaceOrientationLandscapeRight";
				INFOPLIST_KEY_UISupportedInterfaceOrientations_iPhone = "UIInterfaceOrientationPortrait UIInterfaceOrientationLandscapeLeft UIInterfaceOrientationLandscapeRight";
				IPHONEOS_DEPLOYMENT_TARGET = 17.6;
				LD_RUNPATH_SEARCH_PATHS = (
					"$(inherited)",
					"@executable_path/Frameworks",
				);
				MARKETING_VERSION = 1.0;
				PRODUCT_BUNDLE_IDENTIFIER = jp.keri.SimplePencilkit;
				PRODUCT_NAME = "$(TARGET_NAME)";
				SWIFT_EMIT_LOC_STRINGS = YES;
				SWIFT_VERSION = 5.0;
				TARGETED_DEVICE_FAMILY = "1,2";
			};
			name = Release;
		};
		1E5E4AAB2CA7A55A0082DEFB /* Debug */ = {
			isa = XCBuildConfiguration;
			buildSettings = {
				BUNDLE_LOADER = "$(TEST_HOST)";
				CODE_SIGN_STYLE = Automatic;
				CURRENT_PROJECT_VERSION = 1;
				GENERATE_INFOPLIST_FILE = YES;
				IPHONEOS_DEPLOYMENT_TARGET = 18.0;
				MARKETING_VERSION = 1.0;
				PRODUCT_BUNDLE_IDENTIFIER = jp.keri.SimplePencilkitTests;
				PRODUCT_NAME = "$(TARGET_NAME)";
				SWIFT_EMIT_LOC_STRINGS = NO;
				SWIFT_VERSION = 5.0;
				TARGETED_DEVICE_FAMILY = "1,2";
				TEST_HOST = "$(BUILT_PRODUCTS_DIR)/SimplePencilkit.app/$(BUNDLE_EXECUTABLE_FOLDER_PATH)/SimplePencilkit";
			};
			name = Debug;
		};
		1E5E4AAC2CA7A55A0082DEFB /* Release */ = {
			isa = XCBuildConfiguration;
			buildSettings = {
				BUNDLE_LOADER = "$(TEST_HOST)";
				CODE_SIGN_STYLE = Automatic;
				CURRENT_PROJECT_VERSION = 1;
				GENERATE_INFOPLIST_FILE = YES;
				IPHONEOS_DEPLOYMENT_TARGET = 18.0;
				MARKETING_VERSION = 1.0;
				PRODUCT_BUNDLE_IDENTIFIER = jp.keri.SimplePencilkitTests;
				PRODUCT_NAME = "$(TARGET_NAME)";
				SWIFT_EMIT_LOC_STRINGS = NO;
				SWIFT_VERSION = 5.0;
				TARGETED_DEVICE_FAMILY = "1,2";
				TEST_HOST = "$(BUILT_PRODUCTS_DIR)/SimplePencilkit.app/$(BUNDLE_EXECUTABLE_FOLDER_PATH)/SimplePencilkit";
			};
			name = Release;
		};
		1E5E4AAE2CA7A55A0082DEFB /* Debug */ = {
			isa = XCBuildConfiguration;
			buildSettings = {
				CODE_SIGN_STYLE = Automatic;
				CURRENT_PROJECT_VERSION = 1;
				GENERATE_INFOPLIST_FILE = YES;
				MARKETING_VERSION = 1.0;
				PRODUCT_BUNDLE_IDENTIFIER = jp.keri.SimplePencilkitUITests;
				PRODUCT_NAME = "$(TARGET_NAME)";
				SWIFT_EMIT_LOC_STRINGS = NO;
				SWIFT_VERSION = 5.0;
				TARGETED_DEVICE_FAMILY = "1,2";
				TEST_TARGET_NAME = SimplePencilkit;
			};
			name = Debug;
		};
		1E5E4AAF2CA7A55A0082DEFB /* Release */ = {
			isa = XCBuildConfiguration;
			buildSettings = {
				CODE_SIGN_STYLE = Automatic;
				CURRENT_PROJECT_VERSION = 1;
				GENERATE_INFOPLIST_FILE = YES;
				MARKETING_VERSION = 1.0;
				PRODUCT_BUNDLE_IDENTIFIER = jp.keri.SimplePencilkitUITests;
				PRODUCT_NAME = "$(TARGET_NAME)";
				SWIFT_EMIT_LOC_STRINGS = NO;
				SWIFT_VERSION = 5.0;
				TARGETED_DEVICE_FAMILY = "1,2";
				TEST_TARGET_NAME = SimplePencilkit;
			};
			name = Release;
		};
/* End XCBuildConfiguration section */

/* Begin XCConfigurationList section */
		1E5E4A7E2CA7A5580082DEFB /* Build configuration list for PBXProject "SimplePencilkit" */ = {
			isa = XCConfigurationList;
			buildConfigurations = (
				1E5E4AA52CA7A55A0082DEFB /* Debug */,
				1E5E4AA62CA7A55A0082DEFB /* Release */,
			);
			defaultConfigurationIsVisible = 0;
			defaultConfigurationName = Release;
		};
		1E5E4AA72CA7A55A0082DEFB /* Build configuration list for PBXNativeTarget "SimplePencilkit" */ = {
			isa = XCConfigurationList;
			buildConfigurations = (
				1E5E4AA82CA7A55A0082DEFB /* Debug */,
				1E5E4AA92CA7A55A0082DEFB /* Release */,
			);
			defaultConfigurationIsVisible = 0;
			defaultConfigurationName = Release;
		};
		1E5E4AAA2CA7A55A0082DEFB /* Build configuration list for PBXNativeTarget "SimplePencilkitTests" */ = {
			isa = XCConfigurationList;
			buildConfigurations = (
				1E5E4AAB2CA7A55A0082DEFB /* Debug */,
				1E5E4AAC2CA7A55A0082DEFB /* Release */,
			);
			defaultConfigurationIsVisible = 0;
			defaultConfigurationName = Release;
		};
		1E5E4AAD2CA7A55A0082DEFB /* Build configuration list for PBXNativeTarget "SimplePencilkitUITests" */ = {
			isa = XCConfigurationList;
			buildConfigurations = (
				1E5E4AAE2CA7A55A0082DEFB /* Debug */,
				1E5E4AAF2CA7A55A0082DEFB /* Release */,
			);
			defaultConfigurationIsVisible = 0;
			defaultConfigurationName = Release;
		};
/* End XCConfigurationList section */

/* Begin XCVersionGroup section */
		1E5E4AD32CA8D79F0082DEFB /* Simple_Pencilkit.xcdatamodeld */ = {
			isa = XCVersionGroup;
			children = (
				1E5E4AD62CA8D79F0082DEFB /* Simple_Pencilkit.xcdatamodel */,
				1E5E4AD72CA8D79F0082DEFB /* Simple_Pencilkit 2.xcdatamodel */,
			);
			currentVersion = 1E5E4AD72CA8D79F0082DEFB /* Simple_Pencilkit 2.xcdatamodel */;
			path = Simple_Pencilkit.xcdatamodeld;
			sourceTree = "<group>";
			versionGroupType = wrapper.xcdatamodel;
		};
/* End XCVersionGroup section */
	};
	rootObject = 1E5E4A7B2CA7A5580082DEFB /* Project object */;
}
